
Microsoft Visual Studio Solution File, Format Version 12.00
# Visual Studio 15
VisualStudioVersion = 15.0.28307.902
MinimumVisualStudioVersion = 10.0.40219.1
Project("{8BC9CEB8-8B4A-11D0-8D11-00A0C91BC942}") = "viewdll", "viewdll.vcxproj", "{F9DC37A0-595C-4243-A439-30A443B90DF9}"
EndProject
Global
	GlobalSection(SolutionConfigurationPlatforms) = preSolution
		Debug|x64 = Debug|x64
		Debug|x86 = Debug|x86
		Release|x64 = Release|x64
		Release|x86 = Release|x86
	EndGlobalSection
	GlobalSection(ProjectConfigurationPlatforms) = postSolution
		{F9DC37A0-595C-4243-A439-30A443B90DF9}.Debug|x64.ActiveCfg = Debug|x64
		{F9DC37A0-595C-4243-A439-30A443B90DF9}.Debug|x64.Build.0 = Debug|x64
		{F9DC37A0-595C-4243-A439-30A443B90DF9}.Debug|x86.ActiveCfg = Debug|Win32
		{F9DC37A0-595C-4243-A439-30A443B90DF9}.Debug|x86.Build.0 = Debug|Win32
		{F9DC37A0-595C-4243-A439-30A443B90DF9}.Release|x64.ActiveCfg = Release|x64
		{F9DC37A0-595C-4243-A439-30A443B90DF9}.Release|x64.Build.0 = Release|x64
		{F9DC37A0-595C-4243-A439-30A443B90DF9}.Release|x86.ActiveCfg = Release|Win32
		{F9DC37A0-595C-4243-A439-30A443B90DF9}.Release|x86.Build.0 = Release|Win32
	EndGlobalSection
	GlobalSection(SolutionProperties) = preSolution
		HideSolutionNode = FALSE
	EndGlobalSection
	GlobalSection(ExtensibilityGlobals) = postSolution
		SolutionGuid = {DF7C6DB7-8A72-49AB-B612-0046AD273B9D}
	EndGlobalSection
EndGlobal
